{
  "nodes": {
    "darwin": {
      "inputs": {
        "nixpkgs": [
          "nixpkgs"
        ]
      },
      "locked": {
        "lastModified": 1673295039,
        "narHash": "sha256-AsdYgE8/GPwcelGgrntlijMg4t3hLFJFCRF3tL5WVjA=",
        "owner": "lnl7",
        "repo": "nix-darwin",
        "rev": "87b9d090ad39b25b2400029c64825fc2a8868943",
        "type": "github"
      },
      "original": {
        "owner": "lnl7",
        "ref": "master",
        "repo": "nix-darwin",
        "type": "github"
      }
    },
    "emacs-overlay": {
      "inputs": {
        "flake-utils": "flake-utils",
        "nixpkgs": "nixpkgs"
      },
      "locked": {
        "lastModified": 1677579129,
        "narHash": "sha256-6P3v5gaNZM+bErK3OzhyYBwnjf6RBrSbslGcM0wenOs=",
        "owner": "nix-community",
        "repo": "emacs-overlay",
        "rev": "16481a0121af8d3024c4cdd74fc40ff521392479",
        "type": "github"
      },
      "original": {
        "owner": "nix-community",
        "ref": "master",
        "repo": "emacs-overlay",
        "type": "github"
      }
    },
    "flake-utils": {
      "locked": {
        "lastModified": 1667395993,
        "narHash": "sha256-nuEHfE/LcWyuSWnS8t12N1wc105Qtau+/OdUAjtQ0rA=",
        "owner": "numtide",
        "repo": "flake-utils",
        "rev": "5aed5285a952e0b949eb3ba02c12fa4fcfef535f",
        "type": "github"
      },
      "original": {
        "owner": "numtide",
        "repo": "flake-utils",
        "type": "github"
      }
    },
    "flake-utils_2": {
      "locked": {
        "lastModified": 1676283394,
        "narHash": "sha256-XX2f9c3iySLCw54rJ/CZs+ZK6IQy7GXNY4nSOyu2QG4=",
        "owner": "numtide",
        "repo": "flake-utils",
        "rev": "3db36a8b464d0c4532ba1c7dda728f4576d6d073",
        "type": "github"
      },
      "original": {
        "owner": "numtide",
        "repo": "flake-utils",
        "type": "github"
      }
    },
    "flake-utils_3": {
      "locked": {
        "lastModified": 1659877975,
        "narHash": "sha256-zllb8aq3YO3h8B/U0/J1WBgAL8EX5yWf5pMj3G0NAmc=",
        "owner": "numtide",
        "repo": "flake-utils",
        "rev": "c0e246b9b83f637f4681389ecabcb2681b4f3af0",
        "type": "github"
      },
      "original": {
        "owner": "numtide",
        "repo": "flake-utils",
        "type": "github"
      }
    },
    "home-manager": {
      "inputs": {
        "nixpkgs": [
          "nixpkgs"
        ],
        "utils": "utils"
      },
      "locked": {
        "lastModified": 1677533532,
        "narHash": "sha256-2Ie47MONhIFOxvbLmwhmCCe/IoVDVd7YnoK61vu5Xy8=",
        "owner": "nix-community",
        "repo": "home-manager",
        "rev": "305daba44a9df57738cffc67c08129005a25579a",
        "type": "github"
      },
      "original": {
        "owner": "nix-community",
        "repo": "home-manager",
        "type": "github"
      }
    },
    "hyprland": {
      "inputs": {
        "hyprland-protocols": "hyprland-protocols",
        "nixpkgs": [
          "nixpkgs"
        ],
        "wlroots": "wlroots",
        "xdph": "xdph"
      },
      "locked": {
        "lastModified": 1677588106,
        "narHash": "sha256-xNEtUcNpMfAKPPYiSaW0wrarPchJRECJ5HpUKdlGk5I=",
        "owner": "vaxerski",
        "repo": "Hyprland",
        "rev": "89e7d812c80038083acdca85a5ba08ad97b2d0ea",
        "type": "github"
      },
      "original": {
        "owner": "vaxerski",
        "repo": "Hyprland",
        "type": "github"
      }
    },
    "hyprland-protocols": {
      "inputs": {
        "nixpkgs": [
          "hyprland",
          "nixpkgs"
        ]
      },
      "locked": {
        "lastModified": 1671839510,
        "narHash": "sha256-+PY1qqJfmZzzROgcIY4I7AkCwpnC+qBIYk2eFoA9RWc=",
        "owner": "hyprwm",
        "repo": "hyprland-protocols",
        "rev": "b8f55e02a328c47ed373133c52483bbfa20a1b75",
        "type": "github"
      },
      "original": {
        "owner": "hyprwm",
        "repo": "hyprland-protocols",
        "type": "github"
      }
    },
    "nixgl": {
      "inputs": {
        "flake-utils": "flake-utils_3",
        "nixpkgs": [
          "nixpkgs"
        ]
      },
      "locked": {
        "lastModified": 1676383589,
        "narHash": "sha256-KCkWZXCjH+C4Kn7fUGSrEl5btk+sERHhZueSsvVbPWc=",
        "owner": "guibou",
        "repo": "nixGL",
        "rev": "c917918ab9ebeee27b0dd657263d3f57ba6bb8ad",
        "type": "github"
      },
      "original": {
        "owner": "guibou",
        "repo": "nixGL",
        "type": "github"
      }
    },
    "nixos-hardware": {
      "locked": {
        "lastModified": 1677591639,
        "narHash": "sha256-DMlAyge+u3K+JOFLA5YfdjqagdAYJf29YGBWpy5izg4=",
        "owner": "NixOS",
        "repo": "nixos-hardware",
        "rev": "77de4cd09db4dbee9551ed2853cfcf113d7dc5ce",
        "type": "github"
      },
      "original": {
        "owner": "NixOS",
        "repo": "nixos-hardware",
        "type": "github"
      }
    },
    "nixpkgs": {
      "locked": {
        "lastModified": 1673540789,
        "narHash": "sha256-xqnxBOK3qctIeUVxecydrEDbEXjsvHCPGPbvsl63M/U=",
        "owner": "NixOS",
        "repo": "nixpkgs",
        "rev": "0f213d0fee84280d8c3a97f7469b988d6fe5fcdf",
        "type": "github"
      },
      "original": {
        "owner": "NixOS",
        "ref": "nixos-unstable",
        "repo": "nixpkgs",
        "type": "github"
      }
    },
    "nixpkgs-unstable": {
      "locked": {
        "lastModified": 1677407201,
        "narHash": "sha256-3blwdI9o1BAprkvlByHvtEm5HAIRn/XPjtcfiunpY7s=",
        "owner": "nixos",
        "repo": "nixpkgs",
        "rev": "7f5639fa3b68054ca0b062866dc62b22c3f11505",
        "type": "github"
      },
      "original": {
        "owner": "nixos",
        "ref": "nixos-unstable",
        "repo": "nixpkgs",
        "type": "github"
      }
    },
    "nixpkgs_2": {
      "locked": {
        "lastModified": 1677543769,
        "narHash": "sha256-LwbqS8vGisXl2WHpK9r5+kodr0zoIT8F2YB0R4y1TsA=",
        "owner": "nixos",
        "repo": "nixpkgs",
        "rev": "b26d52c9feb6476580016e78935cbf96eb3e2115",
        "type": "github"
      },
      "original": {
        "owner": "nixos",
        "ref": "nixos-22.11",
        "repo": "nixpkgs",
        "type": "github"
      }
    },
    "nur": {
      "locked": {
        "lastModified": 1677589680,
        "narHash": "sha256-CjToE/2e+BY8RcOrgYRxhaCWyi778ww1E9Q5mh8mkCA=",
        "owner": "nix-community",
        "repo": "NUR",
        "rev": "1380ea7c314d500441b8e4ec9e2dedc697f4c3a9",
        "type": "github"
      },
      "original": {
        "owner": "nix-community",
        "repo": "NUR",
        "type": "github"
      }
    },
    "root": {
      "inputs": {
        "darwin": "darwin",
        "emacs-overlay": "emacs-overlay",
        "flake-utils": "flake-utils_2",
        "home-manager": "home-manager",
        "hyprland": "hyprland",
        "nixgl": "nixgl",
        "nixos-hardware": "nixos-hardware",
        "nixpkgs": "nixpkgs_2",
        "nixpkgs-unstable": "nixpkgs-unstable",
        "nur": "nur"
      }
    },
    "utils": {
      "locked": {
        "lastModified": 1667395993,
        "narHash": "sha256-nuEHfE/LcWyuSWnS8t12N1wc105Qtau+/OdUAjtQ0rA=",
        "owner": "numtide",
        "repo": "flake-utils",
        "rev": "5aed5285a952e0b949eb3ba02c12fa4fcfef535f",
        "type": "github"
      },
      "original": {
        "owner": "numtide",
        "repo": "flake-utils",
        "type": "github"
      }
    },
    "wlroots": {
      "flake": false,
      "locked": {
        "host": "gitlab.freedesktop.org",
        "lastModified": 1675374853,
        "narHash": "sha256-BSrjNcddYWhFUMtjGwxiEXw67MYRaIHGvLn19Mvm1NE=",
        "owner": "wlroots",
        "repo": "wlroots",
        "rev": "677a3f2f8847ed2de49dd60868f9d9487a546f58",
        "type": "gitlab"
      },
      "original": {
        "host": "gitlab.freedesktop.org",
        "owner": "wlroots",
        "repo": "wlroots",
        "type": "gitlab"
      }
    },
    "xdph": {
      "inputs": {
        "hyprland-protocols": [
          "hyprland",
          "hyprland-protocols"
        ],
        "nixpkgs": [
          "hyprland",
          "nixpkgs"
        ]
      },
      "locked": {
        "lastModified": 1673116118,
        "narHash": "sha256-eR0yDSkR2XYMesfdRWJs25kAdXET2mbNNHu5t+KUcKA=",
        "owner": "hyprwm",
        "repo": "xdg-desktop-portal-hyprland",
        "rev": "d479c846531fd0e1d2357c9588b8310a2b859ef2",
        "type": "github"
      },
      "original": {
        "owner": "hyprwm",
        "repo": "xdg-desktop-portal-hyprland",
        "type": "github"
      }
    }
  },
  "root": "root",
  "version": 7
}
